
Microsoft Visual Studio Solution File, Format Version 12.00
Project("{2150E333-8FDC-42A3-9474-1A3956D46DE8}") = "src", "src", "{A3AC27D3-5CEA-4C69-809D-37ED6C194B4C}"
EndProject
Project("{FAE04EC0-301F-11D3-BF4B-00C04F79EFBC}") = "Redis.Sidecar.Cache", "src\Redis.Sidecar.Cache.csproj", "{3404E528-8E0A-4341-A8C3-1A89CCBA574D}"
EndProject
Project("{2150E333-8FDC-42A3-9474-1A3956D46DE8}") = "test", "test", "{3556EF7E-BE3A-44BF-AF12-2F8140571052}"
EndProject
Project("{FAE04EC0-301F-11D3-BF4B-00C04F79EFBC}") = "Redis.Sidecar.Cache.Tests", "test\Redis.Sidecar.Cache.Tests.csproj", "{7553AC74-B724-4BBE-8177-C25078C2D2E0}"
EndProject
Project("{2150E333-8FDC-42A3-9474-1A3956D46DE8}") = "root", "root", "{4D92486D-D27A-4AB0-88C1-31566A7E777C}"
	ProjectSection(SolutionItems) = preProject
		.gitignore = .gitignore
		LICENSE = LICENSE
		README.md = README.md
	EndProjectSection
EndProject
Global
	GlobalSection(SolutionConfigurationPlatforms) = preSolution
		Debug|Any CPU = Debug|Any CPU
		Release|Any CPU = Release|Any CPU
	EndGlobalSection
	GlobalSection(ProjectConfigurationPlatforms) = postSolution
		{3404E528-8E0A-4341-A8C3-1A89CCBA574D}.Debug|Any CPU.ActiveCfg = Debug|Any CPU
		{3404E528-8E0A-4341-A8C3-1A89CCBA574D}.Debug|Any CPU.Build.0 = Debug|Any CPU
		{3404E528-8E0A-4341-A8C3-1A89CCBA574D}.Release|Any CPU.ActiveCfg = Release|Any CPU
		{3404E528-8E0A-4341-A8C3-1A89CCBA574D}.Release|Any CPU.Build.0 = Release|Any CPU
		{7553AC74-B724-4BBE-8177-C25078C2D2E0}.Debug|Any CPU.ActiveCfg = Debug|Any CPU
		{7553AC74-B724-4BBE-8177-C25078C2D2E0}.Debug|Any CPU.Build.0 = Debug|Any CPU
		{7553AC74-B724-4BBE-8177-C25078C2D2E0}.Release|Any CPU.ActiveCfg = Release|Any CPU
		{7553AC74-B724-4BBE-8177-C25078C2D2E0}.Release|Any CPU.Build.0 = Release|Any CPU
	EndGlobalSection
	GlobalSection(NestedProjects) = preSolution
		{3404E528-8E0A-4341-A8C3-1A89CCBA574D} = {A3AC27D3-5CEA-4C69-809D-37ED6C194B4C}
		{7553AC74-B724-4BBE-8177-C25078C2D2E0} = {3556EF7E-BE3A-44BF-AF12-2F8140571052}
	EndGlobalSection
EndGlobal
